Microsoft Visual Studio Solution File, Format Version 11.00
# Visual Studio 2008

Project("{4A5D674A-772D-4E83-71FF-8B05703A463C}") = "Jetpack Joyride Tutorial", "Assembly-CSharp.csproj", "{AC4B6E18-ABC1-E450-1581-A89BD483AAD1}"
EndProject
Global
	GlobalSection(SolutionConfigurationPlatforms) = preSolution
		Debug|Any CPU = Debug|Any CPU
		Release|Any CPU = Release|Any CPU
	EndGlobalSection
	GlobalSection(ProjectConfigurationPlatforms) = postSolution
		{AC4B6E18-ABC1-E450-1581-A89BD483AAD1}.Debug|Any CPU.ActiveCfg = Debug|Any CPU
		{AC4B6E18-ABC1-E450-1581-A89BD483AAD1}.Debug|Any CPU.Build.0 = Debug|Any CPU
		{AC4B6E18-ABC1-E450-1581-A89BD483AAD1}.Release|Any CPU.ActiveCfg = Release|Any CPU
		{AC4B6E18-ABC1-E450-1581-A89BD483AAD1}.Release|Any CPU.Build.0 = Release|Any CPU
	EndGlobalSection
	GlobalSection(SolutionProperties) = preSolution
		HideSolutionNode = FALSE
	EndGlobalSection
	GlobalSection(MonoDevelopProperties) = preSolution
		StartupItem = Assembly-CSharp.csproj
	EndGlobalSection
EndGlobal
